
Microsoft Visual Studio Solution File, Format Version 12.00
# Visual Studio Version 17
VisualStudioVersion = 17.2.32602.215
MinimumVisualStudioVersion = 10.0.40219.1
Project("{FAE04EC0-301F-11D3-BF4B-00C04F79EFBC}") = "Comenzando", "Comenzando.csproj", "{91ED89D9-1E79-4A9D-A678-B1533A215467}"
EndProject
Global
	GlobalSection(SolutionConfigurationPlatforms) = preSolution
		Debug|Any CPU = Debug|Any CPU
		Release|Any CPU = Release|Any CPU
	EndGlobalSection
	GlobalSection(ProjectConfigurationPlatforms) = postSolution
		{91ED89D9-1E79-4A9D-A678-B1533A215467}.Debug|Any CPU.ActiveCfg = Debug|Any CPU
		{91ED89D9-1E79-4A9D-A678-B1533A215467}.Debug|Any CPU.Build.0 = Debug|Any CPU
		{91ED89D9-1E79-4A9D-A678-B1533A215467}.Release|Any CPU.ActiveCfg = Release|Any CPU
		{91ED89D9-1E79-4A9D-A678-B1533A215467}.Release|Any CPU.Build.0 = Release|Any CPU
	EndGlobalSection
	GlobalSection(SolutionProperties) = preSolution
		HideSolutionNode = FALSE
	EndGlobalSection
	GlobalSection(ExtensibilityGlobals) = postSolution
		SolutionGuid = {D3675B41-8D67-456B-96D6-BBE0D8EC61B0}
	EndGlobalSection
EndGlobal
